
Microsoft Visual Studio Solution File, Format Version 12.00
Project("{FAE04EC0-301F-11D3-BF4B-00C04F79EFBC}") = "Puppeteer_Example", "Puppeteer_Example/Puppeteer_Example.csproj", "{D9B7EF25-9D20-4146-952D-F097C5E50B82}"
EndProject
Global
	GlobalSection(SolutionConfigurationPlatforms) = preSolution
		Debug|Any CPU = Debug|Any CPU
		Release|Any CPU = Release|Any CPU
	EndGlobalSection
	GlobalSection(ProjectConfigurationPlatforms) = postSolution
		{D9B7EF25-9D20-4146-952D-F097C5E50B82}.Debug|Any CPU.ActiveCfg = Debug|Any CPU
		{D9B7EF25-9D20-4146-952D-F097C5E50B82}.Debug|Any CPU.Build.0 = Debug|Any CPU
		{D9B7EF25-9D20-4146-952D-F097C5E50B82}.Release|Any CPU.ActiveCfg = Release|Any CPU
		{D9B7EF25-9D20-4146-952D-F097C5E50B82}.Release|Any CPU.Build.0 = Release|Any CPU
	EndGlobalSection
EndGlobal
